
Microsoft Visual Studio Solution File, Format Version 12.00
# Visual Studio Version 17
VisualStudioVersion = 17.8.34330.188
MinimumVisualStudioVersion = 10.0.40219.1
Project("{9A19103F-16F7-4668-BE54-9A1E7A4F7556}") = "HotelBookings", "HotelBookings.csproj", "{D41D148C-4269-47E6-AA78-9A7D07E65A4A}"
EndProject
Project("{FAE04EC0-301F-11D3-BF4B-00C04F79EFBC}") = "HotelBookings.Tests", "..\HotelBookings.Tests\HotelBookings.Tests.csproj", "{4B8D7C2F-C06F-4C08-BAAB-4DB9741B076C}"
EndProject
Global
	GlobalSection(SolutionConfigurationPlatforms) = preSolution
		Debug|Any CPU = Debug|Any CPU
		Release|Any CPU = Release|Any CPU
	EndGlobalSection
	GlobalSection(ProjectConfigurationPlatforms) = postSolution
		{D41D148C-4269-47E6-AA78-9A7D07E65A4A}.Debug|Any CPU.ActiveCfg = Debug|Any CPU
		{D41D148C-4269-47E6-AA78-9A7D07E65A4A}.Debug|Any CPU.Build.0 = Debug|Any CPU
		{D41D148C-4269-47E6-AA78-9A7D07E65A4A}.Release|Any CPU.ActiveCfg = Release|Any CPU
		{D41D148C-4269-47E6-AA78-9A7D07E65A4A}.Release|Any CPU.Build.0 = Release|Any CPU
		{4B8D7C2F-C06F-4C08-BAAB-4DB9741B076C}.Debug|Any CPU.ActiveCfg = Debug|Any CPU
		{4B8D7C2F-C06F-4C08-BAAB-4DB9741B076C}.Debug|Any CPU.Build.0 = Debug|Any CPU
		{4B8D7C2F-C06F-4C08-BAAB-4DB9741B076C}.Release|Any CPU.ActiveCfg = Release|Any CPU
		{4B8D7C2F-C06F-4C08-BAAB-4DB9741B076C}.Release|Any CPU.Build.0 = Release|Any CPU
	EndGlobalSection
	GlobalSection(SolutionProperties) = preSolution
		HideSolutionNode = FALSE
	EndGlobalSection
	GlobalSection(ExtensibilityGlobals) = postSolution
		SolutionGuid = {5AC14565-B668-4637-9A6B-7F3AFCB8B021}
	EndGlobalSection
EndGlobal
